
Microsoft Visual Studio Solution File, Format Version 12.00
# Visual Studio Version 16
VisualStudioVersion = 16.0.31515.178
MinimumVisualStudioVersion = 10.0.40219.1
Project("{FAE04EC0-301F-11D3-BF4B-00C04F79EFBC}") = "LamdaExpressionsDemo", "LamdaExpressionsDemo\LamdaExpressionsDemo.csproj", "{08D8DF0F-ED60-4782-81AD-2EC272EFDA11}"
EndProject
Global
	GlobalSection(SolutionConfigurationPlatforms) = preSolution
		Debug|Any CPU = Debug|Any CPU
		Release|Any CPU = Release|Any CPU
	EndGlobalSection
	GlobalSection(ProjectConfigurationPlatforms) = postSolution
		{08D8DF0F-ED60-4782-81AD-2EC272EFDA11}.Debug|Any CPU.ActiveCfg = Debug|Any CPU
		{08D8DF0F-ED60-4782-81AD-2EC272EFDA11}.Debug|Any CPU.Build.0 = Debug|Any CPU
		{08D8DF0F-ED60-4782-81AD-2EC272EFDA11}.Release|Any CPU.ActiveCfg = Release|Any CPU
		{08D8DF0F-ED60-4782-81AD-2EC272EFDA11}.Release|Any CPU.Build.0 = Release|Any CPU
	EndGlobalSection
	GlobalSection(SolutionProperties) = preSolution
		HideSolutionNode = FALSE
	EndGlobalSection
	GlobalSection(ExtensibilityGlobals) = postSolution
		SolutionGuid = {800F81C3-D027-4D32-A696-04507C83AD7C}
	EndGlobalSection
EndGlobal
